
Microsoft Visual Studio Solution File, Format Version 12.00
# Visual Studio Version 17
VisualStudioVersion = 17.9.34310.174
MinimumVisualStudioVersion = 10.0.40219.1
Project("{FAE04EC0-301F-11D3-BF4B-00C04F79EFBC}") = "CaptainParty", "CaptainParty.csproj", "{A39138C7-1BCC-4AB0-AA78-1371B8B182CB}"
EndProject
Global
	GlobalSection(SolutionConfigurationPlatforms) = preSolution
		Debug|Any CPU = Debug|Any CPU
		Release|Any CPU = Release|Any CPU
	EndGlobalSection
	GlobalSection(ProjectConfigurationPlatforms) = postSolution
		{A39138C7-1BCC-4AB0-AA78-1371B8B182CB}.Debug|Any CPU.ActiveCfg = Debug|Any CPU
		{A39138C7-1BCC-4AB0-AA78-1371B8B182CB}.Debug|Any CPU.Build.0 = Debug|Any CPU
		{A39138C7-1BCC-4AB0-AA78-1371B8B182CB}.Release|Any CPU.ActiveCfg = Release|Any CPU
		{A39138C7-1BCC-4AB0-AA78-1371B8B182CB}.Release|Any CPU.Build.0 = Release|Any CPU
	EndGlobalSection
	GlobalSection(SolutionProperties) = preSolution
		HideSolutionNode = FALSE
	EndGlobalSection
	GlobalSection(ExtensibilityGlobals) = postSolution
		SolutionGuid = {D2A7C57C-DE0E-4E2D-8DFC-897257CCFA6C}
	EndGlobalSection
EndGlobal
